
Microsoft Visual Studio Solution File, Format Version 12.00
# Visual Studio Version 17
VisualStudioVersion = 17.2.32616.157
MinimumVisualStudioVersion = 10.0.40219.1
Project("{9A19103F-16F7-4668-BE54-9A1E7A4F7556}") = "CNYRIC OneRoster Client", "CNYRIC OneRoster Client\CNYRIC OneRoster Client.csproj", "{0BE797CB-52A9-4268-991D-8F50992D453B}"
EndProject
Global
	GlobalSection(SolutionConfigurationPlatforms) = preSolution
		Debug|Any CPU = Debug|Any CPU
		Release|Any CPU = Release|Any CPU
	EndGlobalSection
	GlobalSection(ProjectConfigurationPlatforms) = postSolution
		{0BE797CB-52A9-4268-991D-8F50992D453B}.Debug|Any CPU.ActiveCfg = Debug|Any CPU
		{0BE797CB-52A9-4268-991D-8F50992D453B}.Debug|Any CPU.Build.0 = Debug|Any CPU
		{0BE797CB-52A9-4268-991D-8F50992D453B}.Release|Any CPU.ActiveCfg = Release|Any CPU
		{0BE797CB-52A9-4268-991D-8F50992D453B}.Release|Any CPU.Build.0 = Release|Any CPU
	EndGlobalSection
	GlobalSection(SolutionProperties) = preSolution
		HideSolutionNode = FALSE
	EndGlobalSection
	GlobalSection(ExtensibilityGlobals) = postSolution
		SolutionGuid = {7C467BEB-2C68-4921-B1E1-047436E3145B}
	EndGlobalSection
EndGlobal
